<?xml version="1.0" encoding="utf-8"?>
<Project ToolsVersion="4.0" xmlns="http://schemas.microsoft.com/developer/msbuild/2003">
  <ItemGroup>
    <Filter Include="Source Files">
      <UniqueIdentifier>{4FC737F1-C7A5-4376-A066-2A32D752A2FF}</UniqueIdentifier>
      <Extensions>cpp;c;cc;cxx;c++;cppm;ixx;def;odl;idl;hpj;bat;asm;asmx</Extensions>
    </Filter>
    <Filter Include="Header Files">
      <UniqueIdentifier>{93995380-89BD-4b04-88EB-625FBE52EBFB}</UniqueIdentifier>
      <Extensions>h;hh;hpp;hxx;h++;hm;inl;inc;ipp;xsd</Extensions>
    </Filter>
    <Filter Include="Resource Files">
      <UniqueIdentifier>{67DA6AB6-F800-4c08-8B7A-83BB121AAD01}</UniqueIdentifier>
      <Extensions>rc;ico;cur;bmp;dlg;rc2;rct;bin;rgs;gif;jpg;jpeg;jpe;resx;tiff;tif;png;wav;mfcribbon-ms</Extensions>
    </Filter>
    <Filter Include="Source Files\projectFiles">
      <UniqueIdentifier>{48d34976-4b74-47cc-95fa-1381348bf0e8}</UniqueIdentifier>
    </Filter>
    <Filter Include="Source Files\generated">
      <UniqueIdentifier>{5d051027-66fd-480c-ba4d-8a03f468ba02}</UniqueIdentifier>
    </Filter>
    <Filter Include="Source Files\projectFiles\shadersSource">
      <UniqueIdentifier>{03958e32-959e-42e5-b59b-263cdacc9678}</UniqueIdentifier>
    </Filter>
    <Filter Include="Source Files\projectFiles\shadersSource\vs">
      <UniqueIdentifier>{1d05ceaa-bb05-4a0d-89a6-7dc50c820dd4}</UniqueIdentifier>
    </Filter>
    <Filter Include="Source Files\projectFiles\shadersSource\ps">
      <UniqueIdentifier>{a5c9fc64-11cc-4e2e-ae8d-d51df701188e}</UniqueIdentifier>
    </Filter>
  </ItemGroup>
  <ItemGroup>
    <ClCompile Include="main.cpp">
      <Filter>Source Files</Filter>
    </ClCompile>
  </ItemGroup>
  <ItemGroup>
    <ClInclude Include="timer.h">
      <Filter>Source Files</Filter>
    </ClInclude>
    <ClInclude Include="dx.h">
      <Filter>Source Files</Filter>
    </ClInclude>
    <ClInclude Include="editor.h">
      <Filter>Source Files</Filter>
    </ClInclude>
    <ClInclude Include="projectFiles\loop.h">
      <Filter>Source Files\projectFiles</Filter>
    </ClInclude>
    <ClInclude Include="settings.h">
      <Filter>Source Files</Filter>
    </ClInclude>
    <ClInclude Include="projectFiles\vsList.h">
      <Filter>Source Files\projectFiles</Filter>
    </ClInclude>
    <ClInclude Include="generated\processedShaders.h">
      <Filter>Source Files\generated</Filter>
    </ClInclude>
    <ClInclude Include="projectFiles\psList.h">
      <Filter>Source Files\projectFiles</Filter>
    </ClInclude>
    <ClInclude Include="shaders.h">
      <Filter>Source Files</Filter>
    </ClInclude>
  </ItemGroup>
  <ItemGroup>
    <FxCompile Include="projectFiles\shaders\ps\simple.hlsl">
      <Filter>Source Files\projectFiles\shadersSource\ps</Filter>
    </FxCompile>
    <FxCompile Include="projectFiles\shaders\vs\quad.hlsl">
      <Filter>Source Files\projectFiles\shadersSource\vs</Filter>
    </FxCompile>
    <FxCompile Include="projectFiles\shaders\vs\quad2.hlsl">
      <Filter>Source Files\projectFiles\shadersSource\vs</Filter>
    </FxCompile>
    <FxCompile Include="projectFiles\shaders\ps\simple2.hlsl">
      <Filter>Source Files\projectFiles\shadersSource\ps</Filter>
    </FxCompile>
  </ItemGroup>
</Project>